// !$*UTF8*$!
{
	archiveVersion = 1;
	classes = {
	};
	objectVersion = 50;
	objects = {

/* Begin PBXBuildFile section */
		581538C0286EDC9A009DC234 /* HomeViewController.swift in Sources */ = {isa = PBXBuildFile; fileRef = 581538BF286EDC9A009DC234 /* HomeViewController.swift */; };
		581538C3286EE640009DC234 /* SignupViewController.swift in Sources */ = {isa = PBXBuildFile; fileRef = 581538C2286EE640009DC234 /* SignupViewController.swift */; };
		581538C6286EF2FF009DC234 /* DetailsTableViewController.swift in Sources */ = {isa = PBXBuildFile; fileRef = 581538C5286EF2FF009DC234 /* DetailsTableViewController.swift */; };
		581538C9286F0C06009DC234 /* detailsTableViewCell.swift in Sources */ = {isa = PBXBuildFile; fileRef = 581538C8286F0C06009DC234 /* detailsTableViewCell.swift */; };
		5843756828702CEF00FB72EA /* shoppingCollectionViewController.swift in Sources */ = {isa = PBXBuildFile; fileRef = 5843756728702CEF00FB72EA /* shoppingCollectionViewController.swift */; };
		5843756B28702D6000FB72EA /* shoppingCollectionViewCell.swift in Sources */ = {isa = PBXBuildFile; fileRef = 5843756A28702D6000FB72EA /* shoppingCollectionViewCell.swift */; };
		58E13B09287003A900C02CE1 /* InformationViewController.swift in Sources */ = {isa = PBXBuildFile; fileRef = 58E13B08287003A900C02CE1 /* InformationViewController.swift */; };
		58EB375D286D748E00D9EAA7 /* AppDelegate.swift in Sources */ = {isa = PBXBuildFile; fileRef = 58EB375C286D748E00D9EAA7 /* AppDelegate.swift */; };
		58EB375F286D748E00D9EAA7 /* SceneDelegate.swift in Sources */ = {isa = PBXBuildFile; fileRef = 58EB375E286D748E00D9EAA7 /* SceneDelegate.swift */; };
		58EB3761286D748E00D9EAA7 /* ViewController.swift in Sources */ = {isa = PBXBuildFile; fileRef = 58EB3760286D748E00D9EAA7 /* ViewController.swift */; };
		58EB3764286D748E00D9EAA7 /* Main.storyboard in Resources */ = {isa = PBXBuildFile; fileRef = 58EB3762286D748E00D9EAA7 /* Main.storyboard */; };
		58EB3766286D749100D9EAA7 /* Assets.xcassets in Resources */ = {isa = PBXBuildFile; fileRef = 58EB3765286D749100D9EAA7 /* Assets.xcassets */; };
		58EB3769286D749100D9EAA7 /* LaunchScreen.storyboard in Resources */ = {isa = PBXBuildFile; fileRef = 58EB3767286D749100D9EAA7 /* LaunchScreen.storyboard */; };
/* End PBXBuildFile section */

/* Begin PBXFileReference section */
		581538BF286EDC9A009DC234 /* HomeViewController.swift */ = {isa = PBXFileReference; lastKnownFileType = sourcecode.swift; path = HomeViewController.swift; sourceTree = "<group>"; };
		581538C2286EE640009DC234 /* SignupViewController.swift */ = {isa = PBXFileReference; lastKnownFileType = sourcecode.swift; path = SignupViewController.swift; sourceTree = "<group>"; };
		581538C5286EF2FF009DC234 /* DetailsTableViewController.swift */ = {isa = PBXFileReference; lastKnownFileType = sourcecode.swift; path = DetailsTableViewController.swift; sourceTree = "<group>"; };
		581538C8286F0C06009DC234 /* detailsTableViewCell.swift */ = {isa = PBXFileReference; lastKnownFileType = sourcecode.swift; path = detailsTableViewCell.swift; sourceTree = "<group>"; };
		5843756728702CEF00FB72EA /* shoppingCollectionViewController.swift */ = {isa = PBXFileReference; lastKnownFileType = sourcecode.swift; path = shoppingCollectionViewController.swift; sourceTree = "<group>"; };
		5843756A28702D6000FB72EA /* shoppingCollectionViewCell.swift */ = {isa = PBXFileReference; lastKnownFileType = sourcecode.swift; path = shoppingCollectionViewCell.swift; sourceTree = "<group>"; };
		58E13B08287003A900C02CE1 /* InformationViewController.swift */ = {isa = PBXFileReference; lastKnownFileType = sourcecode.swift; path = InformationViewController.swift; sourceTree = "<group>"; };
		58EB3759286D748E00D9EAA7 /* golug.app */ = {isa = PBXFileReference; explicitFileType = wrapper.application; includeInIndex = 0; path = golug.app; sourceTree = BUILT_PRODUCTS_DIR; };
		58EB375C286D748E00D9EAA7 /* AppDelegate.swift */ = {isa = PBXFileReference; lastKnownFileType = sourcecode.swift; path = AppDelegate.swift; sourceTree = "<group>"; };
		58EB375E286D748E00D9EAA7 /* SceneDelegate.swift */ = {isa = PBXFileReference; lastKnownFileType = sourcecode.swift; path = SceneDelegate.swift; sourceTree = "<group>"; };
		58EB3760286D748E00D9EAA7 /* ViewController.swift */ = {isa = PBXFileReference; lastKnownFileType = sourcecode.swift; path = ViewController.swift; sourceTree = "<group>"; };
		58EB3763286D748E00D9EAA7 /* Base */ = {isa = PBXFileReference; lastKnownFileType = file.storyboard; name = Base; path = Base.lproj/Main.storyboard; sourceTree = "<group>"; };
		58EB3765286D749100D9EAA7 /* Assets.xcassets */ = {isa = PBXFileReference; lastKnownFileType = folder.assetcatalog; path = Assets.xcassets; sourceTree = "<group>"; };
		58EB3768286D749100D9EAA7 /* Base */ = {isa = PBXFileReference; lastKnownFileType = file.storyboard; name = Base; path = Base.lproj/LaunchScreen.storyboard; sourceTree = "<group>"; };
		58EB376A286D749100D9EAA7 /* Info.plist */ = {isa = PBXFileReference; lastKnownFileType = text.plist.xml; path = Info.plist; sourceTree = "<group>"; };
/* End PBXFileReference section */

/* Begin PBXFrameworksBuildPhase section */
		58EB3756286D748E00D9EAA7 /* Frameworks */ = {
			isa = PBXFrameworksBuildPhase;
			buildActionMask = 2147483647;
			files = (
			);
			runOnlyForDeploymentPostprocessing = 0;
		};
/* End PBXFrameworksBuildPhase section */

/* Begin PBXGroup section */
		58EB3750286D748E00D9EAA7 = {
			isa = PBXGroup;
			children = (
				58EB375B286D748E00D9EAA7 /* golug */,
				58EB375A286D748E00D9EAA7 /* Products */,
			);
			sourceTree = "<group>";
		};
		58EB375A286D748E00D9EAA7 /* Products */ = {
			isa = PBXGroup;
			children = (
				58EB3759286D748E00D9EAA7 /* golug.app */,
			);
			name = Products;
			sourceTree = "<group>";
		};
		58EB375B286D748E00D9EAA7 /* golug */ = {
			isa = PBXGroup;
			children = (
				58EB375C286D748E00D9EAA7 /* AppDelegate.swift */,
				58EB375E286D748E00D9EAA7 /* SceneDelegate.swift */,
				58EB3760286D748E00D9EAA7 /* ViewController.swift */,
				58EB3762286D748E00D9EAA7 /* Main.storyboard */,
				5843756728702CEF00FB72EA /* shoppingCollectionViewController.swift */,
				58E13B08287003A900C02CE1 /* InformationViewController.swift */,
				581538C8286F0C06009DC234 /* detailsTableViewCell.swift */,
				5843756A28702D6000FB72EA /* shoppingCollectionViewCell.swift */,
				581538C5286EF2FF009DC234 /* DetailsTableViewController.swift */,
				581538C2286EE640009DC234 /* SignupViewController.swift */,
				58EB3765286D749100D9EAA7 /* Assets.xcassets */,
				58EB3767286D749100D9EAA7 /* LaunchScreen.storyboard */,
				58EB376A286D749100D9EAA7 /* Info.plist */,
				581538BF286EDC9A009DC234 /* HomeViewController.swift */,
			);
			path = golug;
			sourceTree = "<group>";
		};
/* End PBXGroup section */

/* Begin PBXNativeTarget section */
		58EB3758286D748E00D9EAA7 /* golug */ = {
			isa = PBXNativeTarget;
			buildConfigurationList = 58EB376D286D749100D9EAA7 /* Build configuration list for PBXNativeTarget "golug" */;
			buildPhases = (
				58EB3755286D748E00D9EAA7 /* Sources */,
				58EB3756286D748E00D9EAA7 /* Frameworks */,
				58EB3757286D748E00D9EAA7 /* Resources */,
			);
			buildRules = (
			);
			dependencies = (
			);
			name = golug;
			productName = golug;
			productReference = 58EB3759286D748E00D9EAA7 /* golug.app */;
			productType = "com.apple.product-type.application";
		};
/* End PBXNativeTarget section */

/* Begin PBXProject section */
		58EB3751286D748E00D9EAA7 /* Project object */ = {
			isa = PBXProject;
			attributes = {
				LastSwiftUpdateCheck = 1210;
				LastUpgradeCheck = 1210;
				TargetAttributes = {
					58EB3758286D748E00D9EAA7 = {
						CreatedOnToolsVersion = 12.1;
					};
				};
			};
			buildConfigurationList = 58EB3754286D748E00D9EAA7 /* Build configuration list for PBXProject "golug" */;
			compatibilityVersion = "Xcode 9.3";
			developmentRegion = en;
			hasScannedForEncodings = 0;
			knownRegions = (
				en,
				Base,
			);
			mainGroup = 58EB3750286D748E00D9EAA7;
			productRefGroup = 58EB375A286D748E00D9EAA7 /* Products */;
			projectDirPath = "";
			projectRoot = "";
			targets = (
				58EB3758286D748E00D9EAA7 /* golug */,
			);
		};
/* End PBXProject section */

/* Begin PBXResourcesBuildPhase section */
		58EB3757286D748E00D9EAA7 /* Resources */ = {
			isa = PBXResourcesBuildPhase;
			buildActionMask = 2147483647;
			files = (
				58EB3769286D749100D9EAA7 /* LaunchScreen.storyboard in Resources */,
				58EB3766286D749100D9EAA7 /* Assets.xcassets in Resources */,
				58EB3764286D748E00D9EAA7 /* Main.storyboard in Resources */,
			);
			runOnlyForDeploymentPostprocessing = 0;
		};
/* End PBXResourcesBuildPhase section */

/* Begin PBXSourcesBuildPhase section */
		58EB3755286D748E00D9EAA7 /* Sources */ = {
			isa = PBXSourcesBuildPhase;
			buildActionMask = 2147483647;
			files = (
				58EB3761286D748E00D9EAA7 /* ViewController.swift in Sources */,
				58EB375D286D748E00D9EAA7 /* AppDelegate.swift in Sources */,
				5843756828702CEF00FB72EA /* shoppingCollectionViewController.swift in Sources */,
				581538C3286EE640009DC234 /* SignupViewController.swift in Sources */,
				5843756B28702D6000FB72EA /* shoppingCollectionViewCell.swift in Sources */,
				58EB375F286D748E00D9EAA7 /* SceneDelegate.swift in Sources */,
				581538C6286EF2FF009DC234 /* DetailsTableViewController.swift in Sources */,
				581538C9286F0C06009DC234 /* detailsTableViewCell.swift in Sources */,
				581538C0286EDC9A009DC234 /* HomeViewController.swift in Sources */,
				58E13B09287003A900C02CE1 /* InformationViewController.swift in Sources */,
			);
			runOnlyForDeploymentPostprocessing = 0;
		};
/* End PBXSourcesBuildPhase section */

/* Begin PBXVariantGroup section */
		58EB3762286D748E00D9EAA7 /* Main.storyboard */ = {
			isa = PBXVariantGroup;
			children = (
				58EB3763286D748E00D9EAA7 /* Base */,
			);
			name = Main.storyboard;
			sourceTree = "<group>";
		};
		58EB3767286D749100D9EAA7 /* LaunchScreen.storyboard */ = {
			isa = PBXVariantGroup;
			children = (
				58EB3768286D749100D9EAA7 /* Base */,
			);
			name = LaunchScreen.storyboard;
			sourceTree = "<group>";
		};
/* End PBXVariantGroup section */

/* Begin XCBuildConfiguration section */
		58EB376B286D749100D9EAA7 /* Debug */ = {
			isa = XCBuildConfiguration;
			buildSettings = {
				ALWAYS_SEARCH_USER_PATHS = NO;
				CLANG_ANALYZER_NONNULL = YES;
				CLANG_ANALYZER_NUMBER_OBJECT_CONVERSION = YES_AGGRESSIVE;
				CLANG_CXX_LANGUAGE_STANDARD = "gnu++14";
				CLANG_CXX_LIBRARY = "libc++";
				CLANG_ENABLE_MODULES = YES;
				CLANG_ENABLE_OBJC_ARC = YES;
				CLANG_ENABLE_OBJC_WEAK = YES;
				CLANG_WARN_BLOCK_CAPTURE_AUTORELEASING = YES;
				CLANG_WARN_BOOL_CONVERSION = YES;
				CLANG_WARN_COMMA = YES;
				CLANG_WARN_CONSTANT_CONVERSION = YES;
				CLANG_WARN_DEPRECATED_OBJC_IMPLEMENTATIONS = YES;
				CLANG_WARN_DIRECT_OBJC_ISA_USAGE = YES_ERROR;
				CLANG_WARN_DOCUMENTATION_COMMENTS = YES;
				CLANG_WARN_EMPTY_BODY = YES;
				CLANG_WARN_ENUM_CONVERSION = YES;
				CLANG_WARN_INFINITE_RECURSION = YES;
				CLANG_WARN_INT_CONVERSION = YES;
				CLANG_WARN_NON_LITERAL_NULL_CONVERSION = YES;
				CLANG_WARN_OBJC_IMPLICIT_RETAIN_SELF = YES;
				CLANG_WARN_OBJC_LITERAL_CONVERSION = YES;
				CLANG_WARN_OBJC_ROOT_CLASS = YES_ERROR;
				CLANG_WARN_QUOTED_INCLUDE_IN_FRAMEWORK_HEADER = YES;
				CLANG_WARN_RANGE_LOOP_ANALYSIS = YES;
				CLANG_WARN_STRICT_PROTOTYPES = YES;
				CLANG_WARN_SUSPICIOUS_MOVE = YES;
				CLANG_WARN_UNGUARDED_AVAILABILITY = YES_AGGRESSIVE;
				CLANG_WARN_UNREACHABLE_CODE = YES;
				CLANG_WARN__DUPLICATE_METHOD_MATCH = YES;
				COPY_PHASE_STRIP = NO;
				DEBUG_INFORMATION_FORMAT = dwarf;
				ENABLE_STRICT_OBJC_MSGSEND = YES;
				ENABLE_TESTABILITY = YES;
				GCC_C_LANGUAGE_STANDARD = gnu11;
				GCC_DYNAMIC_NO_PIC = NO;
				GCC_NO_COMMON_BLOCKS = YES;
				GCC_OPTIMIZATION_LEVEL = 0;
				GCC_PREPROCESSOR_DEFINITIONS = (
					"DEBUG=1",
					"$(inherited)",
				);
				GCC_WARN_64_TO_32_BIT_CONVERSION = YES;
				GCC_WARN_ABOUT_RETURN_TYPE = YES_ERROR;
				GCC_WARN_UNDECLARED_SELECTOR = YES;
				GCC_WARN_UNINITIALIZED_AUTOS = YES_AGGRESSIVE;
				GCC_WARN_UNUSED_FUNCTION = YES;
				GCC_WARN_UNUSED_VARIABLE = YES;
				IPHONEOS_DEPLOYMENT_TARGET = 14.1;
				MTL_ENABLE_DEBUG_INFO = INCLUDE_SOURCE;
				MTL_FAST_MATH = YES;
				ONLY_ACTIVE_ARCH = YES;
				SDKROOT = iphoneos;
				SWIFT_ACTIVE_COMPILATION_CONDITIONS = DEBUG;
				SWIFT_OPTIMIZATION_LEVEL = "-Onone";
			};
			name = Debug;
		};
		58EB376C286D749100D9EAA7 /* Release */ = {
			isa = XCBuildConfiguration;
			buildSettings = {
				ALWAYS_SEARCH_USER_PATHS = NO;
				CLANG_ANALYZER_NONNULL = YES;
				CLANG_ANALYZER_NUMBER_OBJECT_CONVERSION = YES_AGGRESSIVE;
				CLANG_CXX_LANGUAGE_STANDARD = "gnu++14";
				CLANG_CXX_LIBRARY = "libc++";
				CLANG_ENABLE_MODULES = YES;
				CLANG_ENABLE_OBJC_ARC = YES;
				CLANG_ENABLE_OBJC_WEAK = YES;
				CLANG_WARN_BLOCK_CAPTURE_AUTORELEASING = YES;
				CLANG_WARN_BOOL_CONVERSION = YES;
				CLANG_WARN_COMMA = YES;
				CLANG_WARN_CONSTANT_CONVERSION = YES;
				CLANG_WARN_DEPRECATED_OBJC_IMPLEMENTATIONS = YES;
				CLANG_WARN_DIRECT_OBJC_ISA_USAGE = YES_ERROR;
				CLANG_WARN_DOCUMENTATION_COMMENTS = YES;
				CLANG_WARN_EMPTY_BODY = YES;
				CLANG_WARN_ENUM_CONVERSION = YES;
				CLANG_WARN_INFINITE_RECURSION = YES;
				CLANG_WARN_INT_CONVERSION = YES;
				CLANG_WARN_NON_LITERAL_NULL_CONVERSION = YES;
				CLANG_WARN_OBJC_IMPLICIT_RETAIN_SELF = YES;
				CLANG_WARN_OBJC_LITERAL_CONVERSION = YES;
				CLANG_WARN_OBJC_ROOT_CLASS = YES_ERROR;
				CLANG_WARN_QUOTED_INCLUDE_IN_FRAMEWORK_HEADER = YES;
				CLANG_WARN_RANGE_LOOP_ANALYSIS = YES;
				CLANG_WARN_STRICT_PROTOTYPES = YES;
				CLANG_WARN_SUSPICIOUS_MOVE = YES;
				CLANG_WARN_UNGUARDED_AVAILABILITY = YES_AGGRESSIVE;
				CLANG_WARN_UNREACHABLE_CODE = YES;
				CLANG_WARN__DUPLICATE_METHOD_MATCH = YES;
				COPY_PHASE_STRIP = NO;
				DEBUG_INFORMATION_FORMAT = "dwarf-with-dsym";
				ENABLE_NS_ASSERTIONS = NO;
				ENABLE_STRICT_OBJC_MSGSEND = YES;
				GCC_C_LANGUAGE_STANDARD = gnu11;
				GCC_NO_COMMON_BLOCKS = YES;
				GCC_WARN_64_TO_32_BIT_CONVERSION = YES;
				GCC_WARN_ABOUT_RETURN_TYPE = YES_ERROR;
				GCC_WARN_UNDECLARED_SELECTOR = YES;
				GCC_WARN_UNINITIALIZED_AUTOS = YES_AGGRESSIVE;
				GCC_WARN_UNUSED_FUNCTION = YES;
				GCC_WARN_UNUSED_VARIABLE = YES;
				IPHONEOS_DEPLOYMENT_TARGET = 14.1;
				MTL_ENABLE_DEBUG_INFO = NO;
				MTL_FAST_MATH = YES;
				SDKROOT = iphoneos;
				SWIFT_COMPILATION_MODE = wholemodule;
				SWIFT_OPTIMIZATION_LEVEL = "-O";
				VALIDATE_PRODUCT = YES;
			};
			name = Release;
		};
		58EB376E286D749100D9EAA7 /* Debug */ = {
			isa = XCBuildConfiguration;
			buildSettings = {
				ASSETCATALOG_COMPILER_APPICON_NAME = AppIcon;
				ASSETCATALOG_COMPILER_GLOBAL_ACCENT_COLOR_NAME = AccentColor;
				CODE_SIGN_STYLE = Automatic;
				INFOPLIST_FILE = golug/Info.plist;
				LD_RUNPATH_SEARCH_PATHS = (
					"$(inherited)",
					"@executable_path/Frameworks",
				);
				PRODUCT_BUNDLE_IDENTIFIER = Prince.golug;
				PRODUCT_NAME = "$(TARGET_NAME)";
				SWIFT_VERSION = 5.0;
				TARGETED_DEVICE_FAMILY = "1,2";
			};
			name = Debug;
		};
		58EB376F286D749100D9EAA7 /* Release */ = {
			isa = XCBuildConfiguration;
			buildSettings = {
				ASSETCATALOG_COMPILER_APPICON_NAME = AppIcon;
				ASSETCATALOG_COMPILER_GLOBAL_ACCENT_COLOR_NAME = AccentColor;
				CODE_SIGN_STYLE = Automatic;
				INFOPLIST_FILE = golug/Info.plist;
				LD_RUNPATH_SEARCH_PATHS = (
					"$(inherited)",
					"@executable_path/Frameworks",
				);
				PRODUCT_BUNDLE_IDENTIFIER = Prince.golug;
				PRODUCT_NAME = "$(TARGET_NAME)";
				SWIFT_VERSION = 5.0;
				TARGETED_DEVICE_FAMILY = "1,2";
			};
			name = Release;
		};
/* End XCBuildConfiguration section */

/* Begin XCConfigurationList section */
		58EB3754286D748E00D9EAA7 /* Build configuration list for PBXProject "golug" */ = {
			isa = XCConfigurationList;
			buildConfigurations = (
				58EB376B286D749100D9EAA7 /* Debug */,
				58EB376C286D749100D9EAA7 /* Release */,
			);
			defaultConfigurationIsVisible = 0;
			defaultConfigurationName = Release;
		};
		58EB376D286D749100D9EAA7 /* Build configuration list for PBXNativeTarget "golug" */ = {
			isa = XCConfigurationList;
			buildConfigurations = (
				58EB376E286D749100D9EAA7 /* Debug */,
				58EB376F286D749100D9EAA7 /* Release */,
			);
			defaultConfigurationIsVisible = 0;
			defaultConfigurationName = Release;
		};
/* End XCConfigurationList section */
	};
	rootObject = 58EB3751286D748E00D9EAA7 /* Project object */;
}
